<?xml version="1.0" encoding="utf-8"?>
<Project ToolsVersion="4.0" xmlns="http://schemas.microsoft.com/developer/msbuild/2003">
  <ItemGroup>
    <Filter Include="ソース ファイル">
      <UniqueIdentifier>{4FC737F1-C7A5-4376-A066-2A32D752A2FF}</UniqueIdentifier>
      <Extensions>cpp;c;cc;cxx;def;odl;idl;hpj;bat;asm;asmx</Extensions>
    </Filter>
    <Filter Include="ヘッダー ファイル">
      <UniqueIdentifier>{93995380-89BD-4b04-88EB-625FBE52EBFB}</UniqueIdentifier>
      <Extensions>h;hh;hpp;hxx;hm;inl;inc;xsd</Extensions>
    </Filter>
    <Filter Include="リソース ファイル">
      <UniqueIdentifier>{67DA6AB6-F800-4c08-8B7A-83BB121AAD01}</UniqueIdentifier>
      <Extensions>rc;ico;cur;bmp;dlg;rc2;rct;bin;rgs;gif;jpg;jpeg;jpe;resx;tiff;tif;png;wav;mfcribbon-ms</Extensions>
    </Filter>
    <Filter Include="Library">
      <UniqueIdentifier>{721b6519-87c6-4495-9299-5d205c7f6b3e}</UniqueIdentifier>
    </Filter>
    <Filter Include="Library\D3DXManager">
      <UniqueIdentifier>{48d93f91-02a4-4f0b-8fe6-9cee405e7d9f}</UniqueIdentifier>
    </Filter>
    <Filter Include="Library\DSoundManager">
      <UniqueIdentifier>{ad55b6c2-8621-40ed-a0be-2c622678763f}</UniqueIdentifier>
    </Filter>
    <Filter Include="Library\InputDevice">
      <UniqueIdentifier>{3033e11b-993d-452a-b40d-3054f1da0f60}</UniqueIdentifier>
    </Filter>
    <Filter Include="Library\Texture">
      <UniqueIdentifier>{b184895d-eed7-4420-bf45-25f987b7cc12}</UniqueIdentifier>
    </Filter>
    <Filter Include="Library\UVSetter">
      <UniqueIdentifier>{e513673f-676f-45b7-9933-cc32bb5d0fee}</UniqueIdentifier>
    </Filter>
    <Filter Include="Library\Vertex">
      <UniqueIdentifier>{637a1513-1221-4af3-8e88-e60b5b476e32}</UniqueIdentifier>
    </Filter>
    <Filter Include="Library\XInput">
      <UniqueIdentifier>{89a77b86-f917-42a0-ae34-2b344e4ab4f4}</UniqueIdentifier>
    </Filter>
    <Filter Include="Library\Library">
      <UniqueIdentifier>{9edc2b10-4bbd-4981-a5dd-77d0426d0c8a}</UniqueIdentifier>
    </Filter>
    <Filter Include="ソース ファイル\GameMain">
      <UniqueIdentifier>{0087da9c-6daf-4c8e-ae79-85ecd66a9179}</UniqueIdentifier>
    </Filter>
    <Filter Include="ソース ファイル\GameMain\SceneManager">
      <UniqueIdentifier>{9d04c3dc-ad45-47de-9e73-f8535309b873}</UniqueIdentifier>
    </Filter>
    <Filter Include="ソース ファイル\GameMain\SceneManager\Scene">
      <UniqueIdentifier>{1bf82a02-e417-4bf4-b364-05c0dd92df62}</UniqueIdentifier>
    </Filter>
    <Filter Include="ソース ファイル\GameMain\SceneManager\Scene\LogoScene">
      <UniqueIdentifier>{81e4236f-2f72-4e85-a0cb-4b42717a107c}</UniqueIdentifier>
    </Filter>
    <Filter Include="ソース ファイル\GameMain\SceneManager\Scene\OpeningScene">
      <UniqueIdentifier>{52bf8238-eb93-40b1-bab8-956cc93faf93}</UniqueIdentifier>
    </Filter>
    <Filter Include="ソース ファイル\GameMain\SceneManager\Scene\GameScene">
      <UniqueIdentifier>{9f0917d3-4f39-4096-b0e0-619f90786582}</UniqueIdentifier>
    </Filter>
    <Filter Include="ソース ファイル\GameMain\SceneManager\Scene\GameScene\SceneChangeListener">
      <UniqueIdentifier>{d0b2ffae-d9f0-4f17-8d7e-2ec6f3329e0e}</UniqueIdentifier>
    </Filter>
    <Filter Include="ソース ファイル\GameMain\SceneManager\Scene\GameScene\Player">
      <UniqueIdentifier>{ad83895b-a4ac-4f5d-a6cb-1985e17c9a66}</UniqueIdentifier>
    </Filter>
    <Filter Include="ソース ファイル\GameMain\SceneManager\Scene\GameScene\Player\YoungerBrother">
      <UniqueIdentifier>{d23e7d10-8819-4deb-9aa2-4096d068616b}</UniqueIdentifier>
    </Filter>
    <Filter Include="ソース ファイル\GameMain\SceneManager\Scene\GameScene\Player\Brother">
      <UniqueIdentifier>{6856fd8e-f914-4e8a-baf5-bd45f18e8cf5}</UniqueIdentifier>
    </Filter>
    <Filter Include="ソース ファイル\GameMain\SceneManager\Scene\GameScene\ModeManager">
      <UniqueIdentifier>{6bbc9583-602b-40f0-8865-e583ab6b0f34}</UniqueIdentifier>
    </Filter>
    <Filter Include="ソース ファイル\GameMain\SceneManager\Scene\GameScene\Map">
      <UniqueIdentifier>{fff2bf56-f559-4c6d-8988-e01ecbc3994d}</UniqueIdentifier>
    </Filter>
    <Filter Include="ソース ファイル\GameMain\SceneManager\Scene\GameScene\Map\MapObject">
      <UniqueIdentifier>{ddbba4cb-63a3-41a7-8005-e6edb2c53b91}</UniqueIdentifier>
    </Filter>
    <Filter Include="ソース ファイル\GameMain\SceneManager\Scene\GameScene\Map\MapGimmick">
      <UniqueIdentifier>{79e23625-3dfe-43ad-90d1-b96792b69cd5}</UniqueIdentifier>
    </Filter>
    <Filter Include="ソース ファイル\GameMain\SceneManager\Scene\GameScene\Map\MapBackGround">
      <UniqueIdentifier>{ff9e80d1-6d09-4df3-b044-130ca634460c}</UniqueIdentifier>
    </Filter>
    <Filter Include="ソース ファイル\GameMain\SceneManager\Scene\GameScene\CollisionChecker">
      <UniqueIdentifier>{2a1bfa0d-d61c-4d9b-a9e3-e3e99457813b}</UniqueIdentifier>
    </Filter>
    <Filter Include="ソース ファイル\GameMain\SceneManager\Scene\ResultScene">
      <UniqueIdentifier>{ee19a9ad-bc86-4a58-bf9f-69293ed81544}</UniqueIdentifier>
    </Filter>
    <Filter Include="ソース ファイル\GameMain\SceneManager\Scene\TitleScene">
      <UniqueIdentifier>{2c3a7a96-9b2e-47e2-8a7d-38fb8035ac95}</UniqueIdentifier>
    </Filter>
    <Filter Include="ソース ファイル\GameMain\SceneManager\Scene\ConnectingScene">
      <UniqueIdentifier>{c841ffe6-8d0b-4f20-80d8-ff9681d7e8a2}</UniqueIdentifier>
    </Filter>
  </ItemGroup>
  <ItemGroup>
    <ClCompile Include="WinMain.cpp">
      <Filter>ソース ファイル</Filter>
    </ClCompile>
    <ClCompile Include="XInput_lib.cpp">
      <Filter>Library\XInput</Filter>
    </ClCompile>
    <ClCompile Include="D3DManager.cpp">
      <Filter>Library\D3DXManager</Filter>
    </ClCompile>
    <ClCompile Include="DSoundManager.cpp">
      <Filter>Library\DSoundManager</Filter>
    </ClCompile>
    <ClCompile Include="InputDevice.cpp">
      <Filter>Library\InputDevice</Filter>
    </ClCompile>
    <ClCompile Include="Texture.cpp">
      <Filter>Library\Texture</Filter>
    </ClCompile>
    <ClCompile Include="UVSetter.cpp">
      <Filter>Library\UVSetter</Filter>
    </ClCompile>
    <ClCompile Include="Vertex.cpp">
      <Filter>Library\Vertex</Filter>
    </ClCompile>
    <ClCompile Include="Library.cpp">
      <Filter>Library\Library</Filter>
    </ClCompile>
    <ClCompile Include="GameMain.cpp">
      <Filter>ソース ファイル\GameMain</Filter>
    </ClCompile>
    <ClCompile Include="SceneManager.cpp">
      <Filter>ソース ファイル\GameMain\SceneManager</Filter>
    </ClCompile>
    <ClCompile Include="Scene.cpp">
      <Filter>ソース ファイル\GameMain\SceneManager\Scene</Filter>
    </ClCompile>
    <ClCompile Include="LogoScene.cpp">
      <Filter>ソース ファイル\GameMain\SceneManager\Scene\LogoScene</Filter>
    </ClCompile>
    <ClCompile Include="OpeningScene.cpp">
      <Filter>ソース ファイル\GameMain\SceneManager\Scene\OpeningScene</Filter>
    </ClCompile>
    <ClCompile Include="GameScene.cpp">
      <Filter>ソース ファイル\GameMain\SceneManager\Scene\GameScene</Filter>
    </ClCompile>
    <ClCompile Include="ConnectingScene.cpp">
      <Filter>ソース ファイル\GameMain\SceneManager\Scene\ConnectingScene</Filter>
    </ClCompile>
    <ClCompile Include="SceneChangeListener.cpp">
      <Filter>ソース ファイル\GameMain\SceneManager\Scene\GameScene\SceneChangeListener</Filter>
    </ClCompile>
    <ClCompile Include="Player.cpp">
      <Filter>ソース ファイル\GameMain\SceneManager\Scene\GameScene\Player</Filter>
    </ClCompile>
    <ClCompile Include="YoungerBrother.cpp">
      <Filter>ソース ファイル\GameMain\SceneManager\Scene\GameScene\Player\YoungerBrother</Filter>
    </ClCompile>
    <ClCompile Include="Brother.cpp">
      <Filter>ソース ファイル\GameMain\SceneManager\Scene\GameScene\Player\Brother</Filter>
    </ClCompile>
    <ClCompile Include="TitleScene.cpp">
      <Filter>ソース ファイル\GameMain\SceneManager\Scene\TitleScene</Filter>
    </ClCompile>
    <ClCompile Include="ModeManager.cpp">
      <Filter>ソース ファイル\GameMain\SceneManager\Scene\GameScene\ModeManager</Filter>
    </ClCompile>
    <ClCompile Include="MapGimmick.cpp">
      <Filter>ソース ファイル\GameMain\SceneManager\Scene\GameScene\Map\MapGimmick</Filter>
    </ClCompile>
    <ClCompile Include="MapObject.cpp">
      <Filter>ソース ファイル\GameMain\SceneManager\Scene\GameScene\Map\MapObject</Filter>
    </ClCompile>
    <ClCompile Include="MapBackGround.cpp">
      <Filter>ソース ファイル\GameMain\SceneManager\Scene\GameScene\Map\MapBackGround</Filter>
    </ClCompile>
    <ClCompile Include="Map.cpp">
      <Filter>ソース ファイル\GameMain\SceneManager\Scene\GameScene\Map</Filter>
    </ClCompile>
    <ClCompile Include="CollisionChecker.cpp">
      <Filter>ソース ファイル\GameMain\SceneManager\Scene\GameScene\CollisionChecker</Filter>
    </ClCompile>
    <ClCompile Include="ResultScene.cpp">
      <Filter>ソース ファイル\GameMain\SceneManager\Scene\ResultScene</Filter>
    </ClCompile>
  </ItemGroup>
  <ItemGroup>
    <ClInclude Include="XInput_lib.h">
      <Filter>Library\XInput</Filter>
    </ClInclude>
    <ClInclude Include="D3DManager.h">
      <Filter>Library\D3DXManager</Filter>
    </ClInclude>
    <ClInclude Include="DSoundManager.h">
      <Filter>Library\DSoundManager</Filter>
    </ClInclude>
    <ClInclude Include="InputDevice.h">
      <Filter>Library\InputDevice</Filter>
    </ClInclude>
    <ClInclude Include="Texture.h">
      <Filter>Library\Texture</Filter>
    </ClInclude>
    <ClInclude Include="UVSetter.h">
      <Filter>Library\UVSetter</Filter>
    </ClInclude>
    <ClInclude Include="Vertex.h">
      <Filter>Library\Vertex</Filter>
    </ClInclude>
    <ClInclude Include="Library.h">
      <Filter>Library\Library</Filter>
    </ClInclude>
    <ClInclude Include="GameMain.h">
      <Filter>ソース ファイル\GameMain</Filter>
    </ClInclude>
    <ClInclude Include="SceneManager.h">
      <Filter>ソース ファイル\GameMain\SceneManager</Filter>
    </ClInclude>
    <ClInclude Include="Scene.h">
      <Filter>ソース ファイル\GameMain\SceneManager\Scene</Filter>
    </ClInclude>
    <ClInclude Include="LogoScene.h">
      <Filter>ソース ファイル\GameMain\SceneManager\Scene\LogoScene</Filter>
    </ClInclude>
    <ClInclude Include="OpeningScene.h">
      <Filter>ソース ファイル\GameMain\SceneManager\Scene\OpeningScene</Filter>
    </ClInclude>
    <ClInclude Include="ConnectingScene.h">
      <Filter>ソース ファイル\GameMain\SceneManager\Scene\ConnectingScene</Filter>
    </ClInclude>
    <ClInclude Include="SceneChangeListener.h">
      <Filter>ソース ファイル\GameMain\SceneManager\Scene\GameScene\SceneChangeListener</Filter>
    </ClInclude>
    <ClInclude Include="Player.h">
      <Filter>ソース ファイル\GameMain\SceneManager\Scene\GameScene\Player</Filter>
    </ClInclude>
    <ClInclude Include="YoungerBrother.h">
      <Filter>ソース ファイル\GameMain\SceneManager\Scene\GameScene\Player\YoungerBrother</Filter>
    </ClInclude>
    <ClInclude Include="Brother.h">
      <Filter>ソース ファイル\GameMain\SceneManager\Scene\GameScene\Player\Brother</Filter>
    </ClInclude>
    <ClInclude Include="TitleScene.h">
      <Filter>ソース ファイル\GameMain\SceneManager\Scene\TitleScene</Filter>
    </ClInclude>
    <ClInclude Include="ModeManager.h">
      <Filter>ソース ファイル\GameMain\SceneManager\Scene\GameScene\ModeManager</Filter>
    </ClInclude>
    <ClInclude Include="MapGimmick.h">
      <Filter>ソース ファイル\GameMain\SceneManager\Scene\GameScene\Map\MapGimmick</Filter>
    </ClInclude>
    <ClInclude Include="MapObject.h">
      <Filter>ソース ファイル\GameMain\SceneManager\Scene\GameScene\Map\MapObject</Filter>
    </ClInclude>
    <ClInclude Include="MapBackGround.h">
      <Filter>ソース ファイル\GameMain\SceneManager\Scene\GameScene\Map\MapBackGround</Filter>
    </ClInclude>
    <ClInclude Include="Map.h">
      <Filter>ソース ファイル\GameMain\SceneManager\Scene\GameScene\Map</Filter>
    </ClInclude>
    <ClInclude Include="CollisionChecker.h">
      <Filter>ソース ファイル\GameMain\SceneManager\Scene\GameScene\CollisionChecker</Filter>
    </ClInclude>
    <ClInclude Include="ResultScene.h">
      <Filter>ソース ファイル\GameMain\SceneManager\Scene\ResultScene</Filter>
    </ClInclude>
    <ClInclude Include="GameScene.h">
      <Filter>ソース ファイル\GameMain\SceneManager\Scene\GameScene</Filter>
    </ClInclude>
  </ItemGroup>
</Project>