<?xml version="1.0" encoding="utf-8"?>
<Project ToolsVersion="4.0" xmlns="http://schemas.microsoft.com/developer/msbuild/2003">
  <ItemGroup>
    <Filter Include="リソース ファイル">
      <UniqueIdentifier>{67DA6AB6-F800-4c08-8B7A-83BB121AAD01}</UniqueIdentifier>
      <Extensions>rc;ico;cur;bmp;dlg;rc2;rct;bin;rgs;gif;jpg;jpeg;jpe;resx;tiff;tif;png;wav;mfcribbon-ms</Extensions>
    </Filter>
    <Filter Include="Library">
      <UniqueIdentifier>{721b6519-87c6-4495-9299-5d205c7f6b3e}</UniqueIdentifier>
    </Filter>
    <Filter Include="Library\D3DXManager">
      <UniqueIdentifier>{48d93f91-02a4-4f0b-8fe6-9cee405e7d9f}</UniqueIdentifier>
    </Filter>
    <Filter Include="Library\DSoundManager">
      <UniqueIdentifier>{ad55b6c2-8621-40ed-a0be-2c622678763f}</UniqueIdentifier>
    </Filter>
    <Filter Include="Library\Texture">
      <UniqueIdentifier>{b184895d-eed7-4420-bf45-25f987b7cc12}</UniqueIdentifier>
    </Filter>
    <Filter Include="Library\UVSetter">
      <UniqueIdentifier>{e513673f-676f-45b7-9933-cc32bb5d0fee}</UniqueIdentifier>
    </Filter>
    <Filter Include="Library\Vertex">
      <UniqueIdentifier>{637a1513-1221-4af3-8e88-e60b5b476e32}</UniqueIdentifier>
    </Filter>
    <Filter Include="Library\XInput">
      <UniqueIdentifier>{89a77b86-f917-42a0-ae34-2b344e4ab4f4}</UniqueIdentifier>
    </Filter>
    <Filter Include="Library\Library">
      <UniqueIdentifier>{9edc2b10-4bbd-4981-a5dd-77d0426d0c8a}</UniqueIdentifier>
    </Filter>
    <Filter Include="WinMain">
      <UniqueIdentifier>{87b2d20b-9330-4c6a-a694-904675b5f72f}</UniqueIdentifier>
    </Filter>
    <Filter Include="WinMain\GameMain">
      <UniqueIdentifier>{9c90a14f-f1a3-4fef-b93d-93d27d055e98}</UniqueIdentifier>
    </Filter>
    <Filter Include="WinMain\GameMain\SceneManager">
      <UniqueIdentifier>{6f98b8af-3637-4526-9ec9-e7a701ed71b8}</UniqueIdentifier>
    </Filter>
    <Filter Include="WinMain\GameMain\SceneManager\Scene">
      <UniqueIdentifier>{a73b0a80-83f1-4c7b-8b26-29ee465db8c8}</UniqueIdentifier>
    </Filter>
    <Filter Include="WinMain\GameMain\SceneManager\Scene\OpeningScene">
      <UniqueIdentifier>{f0c0e859-5c34-4fb4-9465-c73c486b6824}</UniqueIdentifier>
    </Filter>
    <Filter Include="WinMain\GameMain\SceneManager\Scene\ConnectingScene">
      <UniqueIdentifier>{610ef43e-fbe3-40dd-9d10-fa04281b4a3f}</UniqueIdentifier>
    </Filter>
    <Filter Include="WinMain\GameMain\SceneManager\Scene\ResultScene">
      <UniqueIdentifier>{365fe3d1-25d2-42db-9276-f1bd517a71f3}</UniqueIdentifier>
    </Filter>
    <Filter Include="WinMain\GameMain\SceneManager\Scene\TitleScene">
      <UniqueIdentifier>{a2fd433d-6263-4d91-9d98-62e5326ce6e4}</UniqueIdentifier>
    </Filter>
    <Filter Include="WinMain\GameMain\SceneManager\Scene\TitleScene\TitleBackGround">
      <UniqueIdentifier>{7b44002a-de0c-421b-844d-2334cbedc2f3}</UniqueIdentifier>
    </Filter>
    <Filter Include="WinMain\GameMain\SceneManager\Scene\TitleScene\TitleSelectManager">
      <UniqueIdentifier>{2185a1f5-35fb-4091-a6bb-bf80f7f8b023}</UniqueIdentifier>
    </Filter>
    <Filter Include="WinMain\GameMain\SceneManager\Scene\TitleScene\TitleTimeManager">
      <UniqueIdentifier>{92d4e445-82b0-497a-ab0a-15be96a51800}</UniqueIdentifier>
    </Filter>
    <Filter Include="WinMain\GameMain\SceneManager\Scene\TitleScene\TitleName">
      <UniqueIdentifier>{d8fdc5d6-1472-4431-96f0-d8a619b45da5}</UniqueIdentifier>
    </Filter>
    <Filter Include="WinMain\GameMain\SceneManager\Scene\StaffScene">
      <UniqueIdentifier>{28120c17-9514-48f6-b495-557add869868}</UniqueIdentifier>
    </Filter>
    <Filter Include="WinMain\GameMain\SceneManager\Scene\StaffScene\StaffBackGround">
      <UniqueIdentifier>{9169434c-0b0d-4764-8d34-6edf895b2c84}</UniqueIdentifier>
    </Filter>
    <Filter Include="WinMain\GameMain\SceneManager\Scene\LogoScene">
      <UniqueIdentifier>{a0323456-7091-4010-992b-c1562edec565}</UniqueIdentifier>
    </Filter>
    <Filter Include="WinMain\GameMain\SceneManager\Scene\LogoScene\LogoBackGround">
      <UniqueIdentifier>{a49ce375-20e4-4fe4-9476-8b58a3eb98e2}</UniqueIdentifier>
    </Filter>
    <Filter Include="Library\InputDevice">
      <UniqueIdentifier>{3033e11b-993d-452a-b40d-3054f1da0f60}</UniqueIdentifier>
    </Filter>
    <Filter Include="Library\StencilManager">
      <UniqueIdentifier>{61dbcdf8-3cc4-43dc-888b-8efeb0c27825}</UniqueIdentifier>
    </Filter>
    <Filter Include="WinMain\GameMain\SceneManager\Scene\ConnectingScene\ConnectSelectManager">
      <UniqueIdentifier>{d3e4dc4e-35d2-46c2-ab6f-be6c2efff257}</UniqueIdentifier>
    </Filter>
    <Filter Include="WinMain\GameMain\SceneManager\Scene\ConnectingScene\IPAddSelectScene">
      <UniqueIdentifier>{5b14919c-d96b-4b6b-8608-eef7d590eef8}</UniqueIdentifier>
    </Filter>
    <Filter Include="WinMain\GameMain\SceneManager\Scene\ConnectingScene\ListenServer">
      <UniqueIdentifier>{2ff97282-bd8e-438f-b993-ff2d022a4c1d}</UniqueIdentifier>
    </Filter>
    <Filter Include="WinMain\GameMain\SceneManager\Scene\GameScene">
      <UniqueIdentifier>{f35ae513-493e-4c67-b800-6b36a8a7935b}</UniqueIdentifier>
    </Filter>
    <Filter Include="WinMain\GameMain\SceneManager\Scene\GameScene\SceneListener">
      <UniqueIdentifier>{6205b4d0-2fe0-416f-ad60-3958266e86fa}</UniqueIdentifier>
    </Filter>
    <Filter Include="WinMain\GameMain\SceneManager\Scene\GameScene\ServerGameScene">
      <UniqueIdentifier>{79625aeb-cce5-4777-9d5c-24ce4705a9ff}</UniqueIdentifier>
    </Filter>
    <Filter Include="WinMain\GameMain\SceneManager\Scene\GameScene\ServerGameScene\ServerBrother">
      <UniqueIdentifier>{2cfd6569-fdbe-418e-976b-b174aa768f37}</UniqueIdentifier>
    </Filter>
    <Filter Include="WinMain\GameMain\SceneManager\Scene\GameScene\ServerGameScene\ServerCollisionChecker">
      <UniqueIdentifier>{cdbf8baf-9fb4-4b8e-af01-f07a39e5a720}</UniqueIdentifier>
    </Filter>
    <Filter Include="WinMain\GameMain\SceneManager\Scene\GameScene\ServerGameScene\ServerDrawPositionSetter">
      <UniqueIdentifier>{515d2bf2-4aad-46ce-9d25-08819e26071a}</UniqueIdentifier>
    </Filter>
    <Filter Include="WinMain\GameMain\SceneManager\Scene\GameScene\ServerGameScene\ServerGameTimeManager">
      <UniqueIdentifier>{3654a7b0-375e-47d4-871e-971b9dbcbbaa}</UniqueIdentifier>
    </Filter>
    <Filter Include="WinMain\GameMain\SceneManager\Scene\GameScene\ServerGameScene\ServerMap">
      <UniqueIdentifier>{15df8ae9-8213-4d18-8e75-33812e8ca25f}</UniqueIdentifier>
    </Filter>
    <Filter Include="WinMain\GameMain\SceneManager\Scene\GameScene\ServerGameScene\ServerMap\ServerMapBackGround">
      <UniqueIdentifier>{4b57d8da-f0dc-45ca-a3f2-bc3678467883}</UniqueIdentifier>
    </Filter>
    <Filter Include="WinMain\GameMain\SceneManager\Scene\GameScene\ServerGameScene\ServerMap\ServerMapGimmick">
      <UniqueIdentifier>{eb344f23-7538-42e9-9d6c-309e254b32c4}</UniqueIdentifier>
    </Filter>
    <Filter Include="WinMain\GameMain\SceneManager\Scene\GameScene\ServerGameScene\ServerMap\ServerMapGimmick\ServerSwitch">
      <UniqueIdentifier>{b421111e-5f52-4709-9470-862e40b10073}</UniqueIdentifier>
    </Filter>
    <Filter Include="WinMain\GameMain\SceneManager\Scene\GameScene\ServerGameScene\ServerMap\ServerMapGimmick\ServerGate">
      <UniqueIdentifier>{5c4819f8-92dd-4dd9-a380-197c4b9c0265}</UniqueIdentifier>
    </Filter>
    <Filter Include="WinMain\GameMain\SceneManager\Scene\GameScene\ServerGameScene\ServerMap\ServerMapObject">
      <UniqueIdentifier>{8f263b3f-634f-483e-abf7-0a3ec5475e7d}</UniqueIdentifier>
    </Filter>
    <Filter Include="WinMain\GameMain\SceneManager\Scene\GameScene\ServerGameScene\ServerMap\ServerMapObject\WoodBox">
      <UniqueIdentifier>{a87cc17c-c4e0-4120-802c-fa3db9e581d4}</UniqueIdentifier>
    </Filter>
    <Filter Include="WinMain\GameMain\SceneManager\Scene\GameScene\ServerGameScene\ServerModeManager">
      <UniqueIdentifier>{67322d58-e7ec-4b52-a529-a31f9fecaff9}</UniqueIdentifier>
    </Filter>
    <Filter Include="WinMain\GameMain\SceneManager\Scene\GameScene\ServerGameScene\ServerPlayer">
      <UniqueIdentifier>{06f91837-ca26-44bf-94a7-79215958191a}</UniqueIdentifier>
    </Filter>
    <Filter Include="WinMain\GameMain\SceneManager\Scene\GameScene\ServerGameScene\ServerShadow">
      <UniqueIdentifier>{6df0e253-ca3a-4863-ad53-98b5590dcea2}</UniqueIdentifier>
    </Filter>
    <Filter Include="WinMain\GameMain\SceneManager\Scene\GameScene\ServerGameScene\ServerText">
      <UniqueIdentifier>{6e246c1f-7c4d-4a4a-9370-03d481f09f91}</UniqueIdentifier>
    </Filter>
    <Filter Include="WinMain\GameMain\SceneManager\Scene\GameScene\ClientGameScene">
      <UniqueIdentifier>{9736e5e9-19af-49db-b848-1a3a2afae095}</UniqueIdentifier>
    </Filter>
    <Filter Include="WinMain\GameMain\SceneManager\Scene\GameScene\ClientGameScene\ClientBrother">
      <UniqueIdentifier>{e18c1aa7-fc11-43a7-ba85-cffb57db5249}</UniqueIdentifier>
    </Filter>
    <Filter Include="WinMain\GameMain\SceneManager\Scene\GameScene\ClientGameScene\ClientCollisionChecker">
      <UniqueIdentifier>{f75ef672-894b-4284-8d68-97695bb6b15f}</UniqueIdentifier>
    </Filter>
    <Filter Include="WinMain\GameMain\SceneManager\Scene\GameScene\ClientGameScene\ClientDrawPositionSetter">
      <UniqueIdentifier>{5dd421c7-5453-4c7e-8b95-43bef5eaec43}</UniqueIdentifier>
    </Filter>
    <Filter Include="WinMain\GameMain\SceneManager\Scene\GameScene\ClientGameScene\ClientGameTimeManager">
      <UniqueIdentifier>{80759ad0-cacb-4ccf-a368-948a2fa3e013}</UniqueIdentifier>
    </Filter>
    <Filter Include="WinMain\GameMain\SceneManager\Scene\GameScene\ClientGameScene\ClientMap">
      <UniqueIdentifier>{397bad61-431b-455c-bd99-3477d2d866b8}</UniqueIdentifier>
    </Filter>
    <Filter Include="WinMain\GameMain\SceneManager\Scene\GameScene\ClientGameScene\ClientMap\ClientMapBackGround">
      <UniqueIdentifier>{e4fb847a-e3bf-45e8-a1be-726a49afc1bb}</UniqueIdentifier>
    </Filter>
    <Filter Include="WinMain\GameMain\SceneManager\Scene\GameScene\ClientGameScene\ClientMap\ClientMapGimmick">
      <UniqueIdentifier>{f63ec0c3-71a5-440b-9c8f-49f877180b2e}</UniqueIdentifier>
    </Filter>
    <Filter Include="WinMain\GameMain\SceneManager\Scene\GameScene\ClientGameScene\ClientMap\ClientMapGimmick\ClientSwitch">
      <UniqueIdentifier>{d613d9d5-52e8-4699-80a2-27fc3eaa2e3b}</UniqueIdentifier>
    </Filter>
    <Filter Include="WinMain\GameMain\SceneManager\Scene\GameScene\ClientGameScene\ClientMap\ClientMapGimmick\ClientGate">
      <UniqueIdentifier>{40e63571-6aeb-4fbb-bc4a-168860c0c85a}</UniqueIdentifier>
    </Filter>
    <Filter Include="WinMain\GameMain\SceneManager\Scene\GameScene\ClientGameScene\ClientMap\ClientMapObject">
      <UniqueIdentifier>{2cfeaad8-9e56-4444-b0a4-0336ce6ca755}</UniqueIdentifier>
    </Filter>
    <Filter Include="WinMain\GameMain\SceneManager\Scene\GameScene\ClientGameScene\ClientModeManager">
      <UniqueIdentifier>{6a29ef31-749b-467c-91ce-152bba64347a}</UniqueIdentifier>
    </Filter>
    <Filter Include="WinMain\GameMain\SceneManager\Scene\GameScene\ClientGameScene\ClientPlayer">
      <UniqueIdentifier>{1c5533e2-696c-4f00-b587-41a8312f3468}</UniqueIdentifier>
    </Filter>
    <Filter Include="WinMain\GameMain\SceneManager\Scene\GameScene\ClientGameScene\ClientPlayerUI">
      <UniqueIdentifier>{c18a509b-bec0-4145-8852-337cdf643129}</UniqueIdentifier>
    </Filter>
    <Filter Include="WinMain\GameMain\SceneManager\Scene\GameScene\ClientGameScene\ClientShadow">
      <UniqueIdentifier>{260bfbc1-7a69-47f6-adb0-6d36fd13f9f9}</UniqueIdentifier>
    </Filter>
    <Filter Include="WinMain\GameMain\SceneManager\Scene\GameScene\ClientGameScene\ClientText">
      <UniqueIdentifier>{a4bf1ac2-e017-459f-87a7-df8fc609fc45}</UniqueIdentifier>
    </Filter>
    <Filter Include="WinMain\GameMain\SceneManager\Scene\GameScene\ClientGameScene\ClientYoungerBrother">
      <UniqueIdentifier>{5355f8da-70bf-4827-99a7-0807d9908bba}</UniqueIdentifier>
    </Filter>
    <Filter Include="WinMain\GameMain\SceneManager\Scene\GameScene\ServerGameScene\ServerYoungerBrother">
      <UniqueIdentifier>{b2461888-b64e-47b6-a9d4-9a3a84e2caf2}</UniqueIdentifier>
    </Filter>
    <Filter Include="WinMain\GameMain\SceneManager\Scene\GameScene\ServerGameScene\ServerPlayerUI">
      <UniqueIdentifier>{02917e0b-7ce9-4882-8c49-f2994ac4230c}</UniqueIdentifier>
    </Filter>
    <Filter Include="Library\Server">
      <UniqueIdentifier>{bf22c3c4-0865-4c5f-a32c-a9ca043cf638}</UniqueIdentifier>
    </Filter>
    <Filter Include="Library\Client">
      <UniqueIdentifier>{a0f32ed3-1258-4e7b-bb2e-87cb4194e868}</UniqueIdentifier>
    </Filter>
    <Filter Include="WinMain\GameMain\SceneManager\Scene\ResultScene\ResultBackGround">
      <UniqueIdentifier>{e513b7ac-d5ca-4c83-8cf5-b81e81b57839}</UniqueIdentifier>
    </Filter>
    <Filter Include="WinMain\GameMain\SceneManager\Scene\ResultScene\ResultClock">
      <UniqueIdentifier>{9b1b703e-a67e-40c7-bda3-f6f1c6509871}</UniqueIdentifier>
    </Filter>
    <Filter Include="WinMain\GameMain\SceneManager\Scene\ResultScene\ResultText">
      <UniqueIdentifier>{4a60d7af-dd0a-426a-b2f9-df31f3dceff0}</UniqueIdentifier>
    </Filter>
  </ItemGroup>
  <ItemGroup>
    <ClCompile Include="D3DManager.cpp">
      <Filter>Library\D3DXManager</Filter>
    </ClCompile>
    <ClCompile Include="DSoundManager.cpp">
      <Filter>Library\DSoundManager</Filter>
    </ClCompile>
    <ClCompile Include="InputDevice.cpp">
      <Filter>Library\InputDevice</Filter>
    </ClCompile>
    <ClCompile Include="Texture.cpp">
      <Filter>Library\Texture</Filter>
    </ClCompile>
    <ClCompile Include="UVSetter.cpp">
      <Filter>Library\UVSetter</Filter>
    </ClCompile>
    <ClCompile Include="Vertex.cpp">
      <Filter>Library\Vertex</Filter>
    </ClCompile>
    <ClCompile Include="Library.cpp">
      <Filter>Library\Library</Filter>
    </ClCompile>
    <ClCompile Include="WinMain.cpp">
      <Filter>WinMain</Filter>
    </ClCompile>
    <ClCompile Include="SceneManager.cpp">
      <Filter>WinMain\GameMain\SceneManager</Filter>
    </ClCompile>
    <ClCompile Include="GameMain.cpp">
      <Filter>WinMain\GameMain</Filter>
    </ClCompile>
    <ClCompile Include="Scene.cpp">
      <Filter>WinMain\GameMain\SceneManager\Scene</Filter>
    </ClCompile>
    <ClCompile Include="LogoScene.cpp">
      <Filter>WinMain\GameMain\SceneManager\Scene\LogoScene</Filter>
    </ClCompile>
    <ClCompile Include="ConnectingScene.cpp">
      <Filter>WinMain\GameMain\SceneManager\Scene\ConnectingScene</Filter>
    </ClCompile>
    <ClCompile Include="ResultScene.cpp">
      <Filter>WinMain\GameMain\SceneManager\Scene\ResultScene</Filter>
    </ClCompile>
    <ClCompile Include="OpeningScene.cpp">
      <Filter>WinMain\GameMain\SceneManager\Scene\OpeningScene</Filter>
    </ClCompile>
    <ClCompile Include="TitleScene.cpp">
      <Filter>WinMain\GameMain\SceneManager\Scene\TitleScene</Filter>
    </ClCompile>
    <ClCompile Include="LogoBackGround.cpp">
      <Filter>WinMain\GameMain\SceneManager\Scene\LogoScene\LogoBackGround</Filter>
    </ClCompile>
    <ClCompile Include="SceneChangeListener.cpp">
      <Filter>WinMain\GameMain\SceneManager\Scene\GameScene\SceneListener</Filter>
    </ClCompile>
    <ClCompile Include="TitleBackGround.cpp">
      <Filter>WinMain\GameMain\SceneManager\Scene\TitleScene\TitleBackGround</Filter>
    </ClCompile>
    <ClCompile Include="TitleSelectManager.cpp">
      <Filter>WinMain\GameMain\SceneManager\Scene\TitleScene\TitleSelectManager</Filter>
    </ClCompile>
    <ClCompile Include="TitleTimeManager.cpp">
      <Filter>WinMain\GameMain\SceneManager\Scene\TitleScene\TitleTimeManager</Filter>
    </ClCompile>
    <ClCompile Include="TitleName.cpp">
      <Filter>WinMain\GameMain\SceneManager\Scene\TitleScene\TitleName</Filter>
    </ClCompile>
    <ClCompile Include="StaffScene.cpp">
      <Filter>WinMain\GameMain\SceneManager\Scene\StaffScene</Filter>
    </ClCompile>
    <ClCompile Include="StaffBackGround.cpp">
      <Filter>WinMain\GameMain\SceneManager\Scene\StaffScene\StaffBackGround</Filter>
    </ClCompile>
    <ClCompile Include="StencilManager.cpp">
      <Filter>Library\StencilManager</Filter>
    </ClCompile>
    <ClCompile Include="WoodBox.cpp">
      <Filter>WinMain\GameMain\SceneManager\Scene\GameScene\ServerGameScene\ServerMap\ServerMapObject\WoodBox</Filter>
    </ClCompile>
    <ClCompile Include="Server.cpp">
      <Filter>Library\Server</Filter>
    </ClCompile>
    <ClCompile Include="ConnectSelectManager.cpp">
      <Filter>WinMain\GameMain\SceneManager\Scene\ConnectingScene\ConnectSelectManager</Filter>
    </ClCompile>
    <ClCompile Include="IPAddSelectScene.cpp">
      <Filter>WinMain\GameMain\SceneManager\Scene\ConnectingScene\IPAddSelectScene</Filter>
    </ClCompile>
    <ClCompile Include="ListenServer.cpp">
      <Filter>WinMain\GameMain\SceneManager\Scene\ConnectingScene\ListenServer</Filter>
    </ClCompile>
    <ClCompile Include="ClientGameScene.cpp">
      <Filter>WinMain\GameMain\SceneManager\Scene\GameScene\ClientGameScene</Filter>
    </ClCompile>
    <ClCompile Include="Client.cpp">
      <Filter>Library\Client</Filter>
    </ClCompile>
    <ClCompile Include="ServerGameScene.cpp">
      <Filter>WinMain\GameMain\SceneManager\Scene\GameScene\ServerGameScene</Filter>
    </ClCompile>
    <ClCompile Include="ServerBrother.cpp">
      <Filter>WinMain\GameMain\SceneManager\Scene\GameScene\ServerGameScene\ServerBrother</Filter>
    </ClCompile>
    <ClCompile Include="ServerPlayer.cpp">
      <Filter>WinMain\GameMain\SceneManager\Scene\GameScene\ServerGameScene\ServerPlayer</Filter>
    </ClCompile>
    <ClCompile Include="ServerPlayerUI.cpp">
      <Filter>WinMain\GameMain\SceneManager\Scene\GameScene\ServerGameScene\ServerPlayerUI</Filter>
    </ClCompile>
    <ClCompile Include="ServerYoungerBrother.cpp">
      <Filter>WinMain\GameMain\SceneManager\Scene\GameScene\ServerGameScene\ServerYoungerBrother</Filter>
    </ClCompile>
    <ClCompile Include="ClientBrother.cpp">
      <Filter>WinMain\GameMain\SceneManager\Scene\GameScene\ClientGameScene\ClientBrother</Filter>
    </ClCompile>
    <ClCompile Include="ClientPlayer.cpp">
      <Filter>WinMain\GameMain\SceneManager\Scene\GameScene\ClientGameScene\ClientPlayer</Filter>
    </ClCompile>
    <ClCompile Include="ClientPlayerUI.cpp">
      <Filter>WinMain\GameMain\SceneManager\Scene\GameScene\ClientGameScene\ClientPlayerUI</Filter>
    </ClCompile>
    <ClCompile Include="ClientYoungerBrother.cpp">
      <Filter>WinMain\GameMain\SceneManager\Scene\GameScene\ClientGameScene\ClientYoungerBrother</Filter>
    </ClCompile>
    <ClCompile Include="ClientModeManager.cpp">
      <Filter>WinMain\GameMain\SceneManager\Scene\GameScene\ClientGameScene\ClientModeManager</Filter>
    </ClCompile>
    <ClCompile Include="ServerModeManager.cpp">
      <Filter>WinMain\GameMain\SceneManager\Scene\GameScene\ServerGameScene\ServerModeManager</Filter>
    </ClCompile>
    <ClCompile Include="ServerText.cpp">
      <Filter>WinMain\GameMain\SceneManager\Scene\GameScene\ServerGameScene\ServerText</Filter>
    </ClCompile>
    <ClCompile Include="ClientText.cpp">
      <Filter>WinMain\GameMain\SceneManager\Scene\GameScene\ClientGameScene\ClientText</Filter>
    </ClCompile>
    <ClCompile Include="ServerGameTimeManager.cpp">
      <Filter>WinMain\GameMain\SceneManager\Scene\GameScene\ServerGameScene\ServerGameTimeManager</Filter>
    </ClCompile>
    <ClCompile Include="ServerShadow.cpp">
      <Filter>WinMain\GameMain\SceneManager\Scene\GameScene\ServerGameScene\ServerShadow</Filter>
    </ClCompile>
    <ClCompile Include="ServerMap.cpp">
      <Filter>WinMain\GameMain\SceneManager\Scene\GameScene\ServerGameScene\ServerMap</Filter>
    </ClCompile>
    <ClCompile Include="ServerMapObject.cpp">
      <Filter>WinMain\GameMain\SceneManager\Scene\GameScene\ServerGameScene\ServerMap\ServerMapObject</Filter>
    </ClCompile>
    <ClCompile Include="ServerMapGimmick.cpp">
      <Filter>WinMain\GameMain\SceneManager\Scene\GameScene\ServerGameScene\ServerMap\ServerMapGimmick</Filter>
    </ClCompile>
    <ClCompile Include="ServerSwitch.cpp">
      <Filter>WinMain\GameMain\SceneManager\Scene\GameScene\ServerGameScene\ServerMap\ServerMapGimmick\ServerSwitch</Filter>
    </ClCompile>
    <ClCompile Include="ServerGate.cpp">
      <Filter>WinMain\GameMain\SceneManager\Scene\GameScene\ServerGameScene\ServerMap\ServerMapGimmick\ServerGate</Filter>
    </ClCompile>
    <ClCompile Include="ServerMapBackGround.cpp">
      <Filter>WinMain\GameMain\SceneManager\Scene\GameScene\ServerGameScene\ServerMap\ServerMapBackGround</Filter>
    </ClCompile>
    <ClCompile Include="ServerDrawPositionSetter.cpp">
      <Filter>WinMain\GameMain\SceneManager\Scene\GameScene\ServerGameScene\ServerDrawPositionSetter</Filter>
    </ClCompile>
    <ClCompile Include="ServerCollisionChecker.cpp">
      <Filter>WinMain\GameMain\SceneManager\Scene\GameScene\ServerGameScene\ServerCollisionChecker</Filter>
    </ClCompile>
    <ClCompile Include="ClientShadow.cpp">
      <Filter>WinMain\GameMain\SceneManager\Scene\GameScene\ClientGameScene\ClientShadow</Filter>
    </ClCompile>
    <ClCompile Include="ClientDrawPositionSetter.cpp">
      <Filter>WinMain\GameMain\SceneManager\Scene\GameScene\ClientGameScene\ClientDrawPositionSetter</Filter>
    </ClCompile>
    <ClCompile Include="ClientGameTimeManager.cpp">
      <Filter>WinMain\GameMain\SceneManager\Scene\GameScene\ClientGameScene\ClientGameTimeManager</Filter>
    </ClCompile>
    <ClCompile Include="ClientMap.cpp">
      <Filter>WinMain\GameMain\SceneManager\Scene\GameScene\ClientGameScene\ClientMap</Filter>
    </ClCompile>
    <ClCompile Include="ClientMapBackGround.cpp">
      <Filter>WinMain\GameMain\SceneManager\Scene\GameScene\ClientGameScene\ClientMap\ClientMapBackGround</Filter>
    </ClCompile>
    <ClCompile Include="ClientMapGimmick.cpp">
      <Filter>WinMain\GameMain\SceneManager\Scene\GameScene\ClientGameScene\ClientMap\ClientMapGimmick</Filter>
    </ClCompile>
    <ClCompile Include="ClientMapObject.cpp">
      <Filter>WinMain\GameMain\SceneManager\Scene\GameScene\ClientGameScene\ClientMap\ClientMapObject</Filter>
    </ClCompile>
    <ClCompile Include="ClientSwitch.cpp">
      <Filter>WinMain\GameMain\SceneManager\Scene\GameScene\ClientGameScene\ClientMap\ClientMapGimmick\ClientSwitch</Filter>
    </ClCompile>
    <ClCompile Include="ClientCollisionChecker.cpp">
      <Filter>WinMain\GameMain\SceneManager\Scene\GameScene\ClientGameScene\ClientCollisionChecker</Filter>
    </ClCompile>
    <ClCompile Include="ClientGate.cpp">
      <Filter>WinMain\GameMain\SceneManager\Scene\GameScene\ClientGameScene\ClientMap\ClientMapGimmick\ClientGate</Filter>
    </ClCompile>
    <ClCompile Include="XInput.cpp">
      <Filter>Library\XInput</Filter>
    </ClCompile>
    <ClCompile Include="ResultBackGround.cpp">
      <Filter>WinMain\GameMain\SceneManager\Scene\ResultScene\ResultBackGround</Filter>
    </ClCompile>
    <ClCompile Include="ResultClock.cpp">
      <Filter>WinMain\GameMain\SceneManager\Scene\ResultScene\ResultClock</Filter>
    </ClCompile>
    <ClCompile Include="ResultText.cpp">
      <Filter>WinMain\GameMain\SceneManager\Scene\ResultScene\ResultText</Filter>
    </ClCompile>
  </ItemGroup>
  <ItemGroup>
    <ClInclude Include="D3DManager.h">
      <Filter>Library\D3DXManager</Filter>
    </ClInclude>
    <ClInclude Include="DSoundManager.h">
      <Filter>Library\DSoundManager</Filter>
    </ClInclude>
    <ClInclude Include="InputDevice.h">
      <Filter>Library\InputDevice</Filter>
    </ClInclude>
    <ClInclude Include="Texture.h">
      <Filter>Library\Texture</Filter>
    </ClInclude>
    <ClInclude Include="UVSetter.h">
      <Filter>Library\UVSetter</Filter>
    </ClInclude>
    <ClInclude Include="Vertex.h">
      <Filter>Library\Vertex</Filter>
    </ClInclude>
    <ClInclude Include="Library.h">
      <Filter>Library\Library</Filter>
    </ClInclude>
    <ClInclude Include="SceneManager.h">
      <Filter>WinMain\GameMain\SceneManager</Filter>
    </ClInclude>
    <ClInclude Include="GameMain.h">
      <Filter>WinMain\GameMain</Filter>
    </ClInclude>
    <ClInclude Include="Scene.h">
      <Filter>WinMain\GameMain\SceneManager\Scene</Filter>
    </ClInclude>
    <ClInclude Include="LogoScene.h">
      <Filter>WinMain\GameMain\SceneManager\Scene\LogoScene</Filter>
    </ClInclude>
    <ClInclude Include="ConnectingScene.h">
      <Filter>WinMain\GameMain\SceneManager\Scene\ConnectingScene</Filter>
    </ClInclude>
    <ClInclude Include="ResultScene.h">
      <Filter>WinMain\GameMain\SceneManager\Scene\ResultScene</Filter>
    </ClInclude>
    <ClInclude Include="OpeningScene.h">
      <Filter>WinMain\GameMain\SceneManager\Scene\OpeningScene</Filter>
    </ClInclude>
    <ClInclude Include="TitleScene.h">
      <Filter>WinMain\GameMain\SceneManager\Scene\TitleScene</Filter>
    </ClInclude>
    <ClInclude Include="LogoBackGround.h">
      <Filter>WinMain\GameMain\SceneManager\Scene\LogoScene\LogoBackGround</Filter>
    </ClInclude>
    <ClInclude Include="SceneChangeListener.h">
      <Filter>WinMain\GameMain\SceneManager\Scene\GameScene\SceneListener</Filter>
    </ClInclude>
    <ClInclude Include="TitleBackGround.h">
      <Filter>WinMain\GameMain\SceneManager\Scene\TitleScene\TitleBackGround</Filter>
    </ClInclude>
    <ClInclude Include="TitleSelectManager.h">
      <Filter>WinMain\GameMain\SceneManager\Scene\TitleScene\TitleSelectManager</Filter>
    </ClInclude>
    <ClInclude Include="TitleTimeManager.h">
      <Filter>WinMain\GameMain\SceneManager\Scene\TitleScene\TitleTimeManager</Filter>
    </ClInclude>
    <ClInclude Include="TitleName.h">
      <Filter>WinMain\GameMain\SceneManager\Scene\TitleScene\TitleName</Filter>
    </ClInclude>
    <ClInclude Include="StaffScene.h">
      <Filter>WinMain\GameMain\SceneManager\Scene\StaffScene</Filter>
    </ClInclude>
    <ClInclude Include="StaffBackGround.h">
      <Filter>WinMain\GameMain\SceneManager\Scene\StaffScene\StaffBackGround</Filter>
    </ClInclude>
    <ClInclude Include="StencilManager.h">
      <Filter>Library\StencilManager</Filter>
    </ClInclude>
    <ClInclude Include="WoodBox.h">
      <Filter>WinMain\GameMain\SceneManager\Scene\GameScene\ServerGameScene\ServerMap\ServerMapObject\WoodBox</Filter>
    </ClInclude>
    <ClInclude Include="Server.h">
      <Filter>Library\Server</Filter>
    </ClInclude>
    <ClInclude Include="ConnectSelectManager..h">
      <Filter>WinMain\GameMain\SceneManager\Scene\ConnectingScene\ConnectSelectManager</Filter>
    </ClInclude>
    <ClInclude Include="IPAddSelectScene.h">
      <Filter>WinMain\GameMain\SceneManager\Scene\ConnectingScene\IPAddSelectScene</Filter>
    </ClInclude>
    <ClInclude Include="ListenServer.h">
      <Filter>WinMain\GameMain\SceneManager\Scene\ConnectingScene\ListenServer</Filter>
    </ClInclude>
    <ClInclude Include="ClientGameScene.h">
      <Filter>WinMain\GameMain\SceneManager\Scene\GameScene\ClientGameScene</Filter>
    </ClInclude>
    <ClInclude Include="Client.h">
      <Filter>Library\Client</Filter>
    </ClInclude>
    <ClInclude Include="ServerGameScene.h">
      <Filter>WinMain\GameMain\SceneManager\Scene\GameScene\ServerGameScene</Filter>
    </ClInclude>
    <ClInclude Include="ServerBrother.h">
      <Filter>WinMain\GameMain\SceneManager\Scene\GameScene\ServerGameScene\ServerBrother</Filter>
    </ClInclude>
    <ClInclude Include="ServerPlayer.h">
      <Filter>WinMain\GameMain\SceneManager\Scene\GameScene\ServerGameScene\ServerPlayer</Filter>
    </ClInclude>
    <ClInclude Include="ServerPlayerUI.h">
      <Filter>WinMain\GameMain\SceneManager\Scene\GameScene\ServerGameScene\ServerPlayerUI</Filter>
    </ClInclude>
    <ClInclude Include="ServerYoungerBrother.h">
      <Filter>WinMain\GameMain\SceneManager\Scene\GameScene\ServerGameScene\ServerYoungerBrother</Filter>
    </ClInclude>
    <ClInclude Include="ClientBrother.h">
      <Filter>WinMain\GameMain\SceneManager\Scene\GameScene\ClientGameScene\ClientBrother</Filter>
    </ClInclude>
    <ClInclude Include="ClientPlayer.h">
      <Filter>WinMain\GameMain\SceneManager\Scene\GameScene\ClientGameScene\ClientPlayer</Filter>
    </ClInclude>
    <ClInclude Include="ClientPlayerUI.h">
      <Filter>WinMain\GameMain\SceneManager\Scene\GameScene\ClientGameScene\ClientPlayerUI</Filter>
    </ClInclude>
    <ClInclude Include="ClientYoungerBrother.h">
      <Filter>WinMain\GameMain\SceneManager\Scene\GameScene\ClientGameScene\ClientYoungerBrother</Filter>
    </ClInclude>
    <ClInclude Include="Tex.h">
      <Filter>WinMain\GameMain\SceneManager\Scene\GameScene</Filter>
    </ClInclude>
    <ClInclude Include="ClientModeManager.h">
      <Filter>WinMain\GameMain\SceneManager\Scene\GameScene\ClientGameScene\ClientModeManager</Filter>
    </ClInclude>
    <ClInclude Include="ServerModeManager.h">
      <Filter>WinMain\GameMain\SceneManager\Scene\GameScene\ServerGameScene\ServerModeManager</Filter>
    </ClInclude>
    <ClInclude Include="ServerText.h">
      <Filter>WinMain\GameMain\SceneManager\Scene\GameScene\ServerGameScene\ServerText</Filter>
    </ClInclude>
    <ClInclude Include="ClientText.h">
      <Filter>WinMain\GameMain\SceneManager\Scene\GameScene\ClientGameScene\ClientText</Filter>
    </ClInclude>
    <ClInclude Include="ServerGameTimeManager.h">
      <Filter>WinMain\GameMain\SceneManager\Scene\GameScene\ServerGameScene\ServerGameTimeManager</Filter>
    </ClInclude>
    <ClInclude Include="ServerShadow.h">
      <Filter>WinMain\GameMain\SceneManager\Scene\GameScene\ServerGameScene\ServerShadow</Filter>
    </ClInclude>
    <ClInclude Include="ServerMap.h">
      <Filter>WinMain\GameMain\SceneManager\Scene\GameScene\ServerGameScene\ServerMap</Filter>
    </ClInclude>
    <ClInclude Include="ServerMapObject.h">
      <Filter>WinMain\GameMain\SceneManager\Scene\GameScene\ServerGameScene\ServerMap\ServerMapObject</Filter>
    </ClInclude>
    <ClInclude Include="ServerMapGimmick.h">
      <Filter>WinMain\GameMain\SceneManager\Scene\GameScene\ServerGameScene\ServerMap\ServerMapGimmick</Filter>
    </ClInclude>
    <ClInclude Include="ServerSwitch.h">
      <Filter>WinMain\GameMain\SceneManager\Scene\GameScene\ServerGameScene\ServerMap\ServerMapGimmick\ServerSwitch</Filter>
    </ClInclude>
    <ClInclude Include="ServerGate.h">
      <Filter>WinMain\GameMain\SceneManager\Scene\GameScene\ServerGameScene\ServerMap\ServerMapGimmick\ServerGate</Filter>
    </ClInclude>
    <ClInclude Include="ServerMapBackGround.h">
      <Filter>WinMain\GameMain\SceneManager\Scene\GameScene\ServerGameScene\ServerMap\ServerMapBackGround</Filter>
    </ClInclude>
    <ClInclude Include="ServerDrawPositionSetter.h">
      <Filter>WinMain\GameMain\SceneManager\Scene\GameScene\ServerGameScene\ServerDrawPositionSetter</Filter>
    </ClInclude>
    <ClInclude Include="ServerCollisionChecker.h">
      <Filter>WinMain\GameMain\SceneManager\Scene\GameScene\ServerGameScene\ServerCollisionChecker</Filter>
    </ClInclude>
    <ClInclude Include="ClientShadow.h">
      <Filter>WinMain\GameMain\SceneManager\Scene\GameScene\ClientGameScene\ClientShadow</Filter>
    </ClInclude>
    <ClInclude Include="ClientDrawPositionSetter.h">
      <Filter>WinMain\GameMain\SceneManager\Scene\GameScene\ClientGameScene\ClientDrawPositionSetter</Filter>
    </ClInclude>
    <ClInclude Include="ClientGameTimeManager.h">
      <Filter>WinMain\GameMain\SceneManager\Scene\GameScene\ClientGameScene\ClientGameTimeManager</Filter>
    </ClInclude>
    <ClInclude Include="ClientMap.h">
      <Filter>WinMain\GameMain\SceneManager\Scene\GameScene\ClientGameScene\ClientMap</Filter>
    </ClInclude>
    <ClInclude Include="ClientMapBackGround.h">
      <Filter>WinMain\GameMain\SceneManager\Scene\GameScene\ClientGameScene\ClientMap\ClientMapBackGround</Filter>
    </ClInclude>
    <ClInclude Include="ClientMapGimmick.h">
      <Filter>WinMain\GameMain\SceneManager\Scene\GameScene\ClientGameScene\ClientMap\ClientMapGimmick</Filter>
    </ClInclude>
    <ClInclude Include="ClientMapObject.h">
      <Filter>WinMain\GameMain\SceneManager\Scene\GameScene\ClientGameScene\ClientMap\ClientMapObject</Filter>
    </ClInclude>
    <ClInclude Include="ClientSwitch.h">
      <Filter>WinMain\GameMain\SceneManager\Scene\GameScene\ClientGameScene\ClientMap\ClientMapGimmick\ClientSwitch</Filter>
    </ClInclude>
    <ClInclude Include="ClientCollisionChecker.h">
      <Filter>WinMain\GameMain\SceneManager\Scene\GameScene\ClientGameScene\ClientCollisionChecker</Filter>
    </ClInclude>
    <ClInclude Include="ClientGate.h">
      <Filter>WinMain\GameMain\SceneManager\Scene\GameScene\ClientGameScene\ClientMap\ClientMapGimmick\ClientGate</Filter>
    </ClInclude>
    <ClInclude Include="XInput.h">
      <Filter>Library\XInput</Filter>
    </ClInclude>
    <ClInclude Include="ResultBackGround.h">
      <Filter>WinMain\GameMain\SceneManager\Scene\ResultScene\ResultBackGround</Filter>
    </ClInclude>
    <ClInclude Include="ResultClock.h">
      <Filter>WinMain\GameMain\SceneManager\Scene\ResultScene\ResultClock</Filter>
    </ClInclude>
    <ClInclude Include="ResultText.h">
      <Filter>WinMain\GameMain\SceneManager\Scene\ResultScene\ResultText</Filter>
    </ClInclude>
  </ItemGroup>
  <ItemGroup>
    <Text Include="Texture順番.txt" />
  </ItemGroup>
</Project>